
Microsoft Visual Studio Solution File, Format Version 11.00
# Visual Studio 2010
Project("{F184B08F-C81C-45F6-A57F-5ABD9991F28F}") = "Watchmen-LinksOrganizerType2", "Watchmen-LinksOrganizer\Watchmen-LinksOrganizerType2.vbproj", "{131B60A0-903E-402F-B32D-85AD277B0AF0}"
EndProject
Global
	GlobalSection(TeamFoundationVersionControl) = preSolution
		SccNumberOfProjects = 2
		SccEnterpriseProvider = {4CA58AB2-18FA-4F8D-95D4-32DDF27D184C}
		SccTeamFoundationServer = https://tfs.codeplex.com/tfs/tfs33
		SccLocalPath0 = .
		SccProjectUniqueName1 = Watchmen-LinksOrganizer\\Watchmen-LinksOrganizerType2.vbproj
		SccProjectName1 = Watchmen-LinksOrganizer
		SccLocalPath1 = Watchmen-LinksOrganizer
	EndGlobalSection
	GlobalSection(SolutionConfigurationPlatforms) = preSolution
		Debug|x86 = Debug|x86
		Debug-ReceiveAllInfoFromFiles|x86 = Debug-ReceiveAllInfoFromFiles|x86
		Release|x86 = Release|x86
	EndGlobalSection
	GlobalSection(ProjectConfigurationPlatforms) = postSolution
		{131B60A0-903E-402F-B32D-85AD277B0AF0}.Debug|x86.ActiveCfg = Debug|x86
		{131B60A0-903E-402F-B32D-85AD277B0AF0}.Debug|x86.Build.0 = Debug|x86
		{131B60A0-903E-402F-B32D-85AD277B0AF0}.Debug-ReceiveAllInfoFromFiles|x86.ActiveCfg = Debug-ReceiveAllInfoFromFiles|x86
		{131B60A0-903E-402F-B32D-85AD277B0AF0}.Debug-ReceiveAllInfoFromFiles|x86.Build.0 = Debug-ReceiveAllInfoFromFiles|x86
		{131B60A0-903E-402F-B32D-85AD277B0AF0}.Release|x86.ActiveCfg = Release|x86
		{131B60A0-903E-402F-B32D-85AD277B0AF0}.Release|x86.Build.0 = Release|x86
	EndGlobalSection
	GlobalSection(SolutionProperties) = preSolution
		HideSolutionNode = FALSE
	EndGlobalSection
EndGlobal
